// !$*UTF8*$!
{
	archiveVersion = 1;
	classes = {
	};
	objectVersion = 46;
	objects = {

/* Begin PBXBuildFile section */
		8499C1D61C8EC5AF00BE7AFD /* main.m in Sources */ = {isa = PBXBuildFile; fileRef = 8499C1D51C8EC5AF00BE7AFD /* main.m */; };
		8499C1DE1C8EC5F400BE7AFD /* Node.m in Sources */ = {isa = PBXBuildFile; fileRef = 8499C1DD1C8EC5F400BE7AFD /* Node.m */; };
/* End PBXBuildFile section */

/* Begin PBXCopyFilesBuildPhase section */
		8499C1D01C8EC5AF00BE7AFD /* CopyFiles */ = {
			isa = PBXCopyFilesBuildPhase;
			buildActionMask = 2147483647;
			dstPath = /usr/share/man/man1/;
			dstSubfolderSpec = 0;
			files = (
			);
			runOnlyForDeploymentPostprocessing = 1;
		};
/* End PBXCopyFilesBuildPhase section */

/* Begin PBXFileReference section */
		8499C1D21C8EC5AF00BE7AFD /* Graphs */ = {isa = PBXFileReference; explicitFileType = "compiled.mach-o.executable"; includeInIndex = 0; path = Graphs; sourceTree = BUILT_PRODUCTS_DIR; };
		8499C1D51C8EC5AF00BE7AFD /* main.m */ = {isa = PBXFileReference; lastKnownFileType = sourcecode.c.objc; path = main.m; sourceTree = "<group>"; };
		8499C1DC1C8EC5F400BE7AFD /* Node.h */ = {isa = PBXFileReference; fileEncoding = 4; lastKnownFileType = sourcecode.c.h; path = Node.h; sourceTree = "<group>"; };
		8499C1DD1C8EC5F400BE7AFD /* Node.m */ = {isa = PBXFileReference; fileEncoding = 4; lastKnownFileType = sourcecode.c.objc; path = Node.m; sourceTree = "<group>"; };
/* End PBXFileReference section */

/* Begin PBXFrameworksBuildPhase section */
		8499C1CF1C8EC5AF00BE7AFD /* Frameworks */ = {
			isa = PBXFrameworksBuildPhase;
			buildActionMask = 2147483647;
			files = (
			);
			runOnlyForDeploymentPostprocessing = 0;
		};
/* End PBXFrameworksBuildPhase section */

/* Begin PBXGroup section */
		8499C1C91C8EC5AF00BE7AFD = {
			isa = PBXGroup;
			children = (
				8499C1D41C8EC5AF00BE7AFD /* Graphs */,
				8499C1D31C8EC5AF00BE7AFD /* Products */,
			);
			sourceTree = "<group>";
		};
		8499C1D31C8EC5AF00BE7AFD /* Products */ = {
			isa = PBXGroup;
			children = (
				8499C1D21C8EC5AF00BE7AFD /* Graphs */,
			);
			name = Products;
			sourceTree = "<group>";
		};
		8499C1D41C8EC5AF00BE7AFD /* Graphs */ = {
			isa = PBXGroup;
			children = (
				8499C1D51C8EC5AF00BE7AFD /* main.m */,
				8499C1DC1C8EC5F400BE7AFD /* Node.h */,
				8499C1DD1C8EC5F400BE7AFD /* Node.m */,
			);
			path = Graphs;
			sourceTree = "<group>";
		};
/* End PBXGroup section */

/* Begin PBXNativeTarget section */
		8499C1D11C8EC5AF00BE7AFD /* Graphs */ = {
			isa = PBXNativeTarget;
			buildConfigurationList = 8499C1D91C8EC5AF00BE7AFD /* Build configuration list for PBXNativeTarget "Graphs" */;
			buildPhases = (
				8499C1CE1C8EC5AF00BE7AFD /* Sources */,
				8499C1CF1C8EC5AF00BE7AFD /* Frameworks */,
				8499C1D01C8EC5AF00BE7AFD /* CopyFiles */,
			);
			buildRules = (
			);
			dependencies = (
			);
			name = Graphs;
			productName = Graphs;
			productReference = 8499C1D21C8EC5AF00BE7AFD /* Graphs */;
			productType = "com.apple.product-type.tool";
		};
/* End PBXNativeTarget section */

/* Begin PBXProject section */
		8499C1CA1C8EC5AF00BE7AFD /* Project object */ = {
			isa = PBXProject;
			attributes = {
				LastUpgradeCheck = 0720;
				ORGANIZATIONNAME = "Umm Al-Qura University";
				TargetAttributes = {
					8499C1D11C8EC5AF00BE7AFD = {
						CreatedOnToolsVersion = 7.2.1;
					};
				};
			};
			buildConfigurationList = 8499C1CD1C8EC5AF00BE7AFD /* Build configuration list for PBXProject "Graphs" */;
			compatibilityVersion = "Xcode 3.2";
			developmentRegion = English;
			hasScannedForEncodings = 0;
			knownRegions = (
				en,
			);
			mainGroup = 8499C1C91C8EC5AF00BE7AFD;
			productRefGroup = 8499C1D31C8EC5AF00BE7AFD /* Products */;
			projectDirPath = "";
			projectRoot = "";
			targets = (
				8499C1D11C8EC5AF00BE7AFD /* Graphs */,
			);
		};
/* End PBXProject section */

/* Begin PBXSourcesBuildPhase section */
		8499C1CE1C8EC5AF00BE7AFD /* Sources */ = {
			isa = PBXSourcesBuildPhase;
			buildActionMask = 2147483647;
			files = (
				8499C1D61C8EC5AF00BE7AFD /* main.m in Sources */,
				8499C1DE1C8EC5F400BE7AFD /* Node.m in Sources */,
			);
			runOnlyForDeploymentPostprocessing = 0;
		};
/* End PBXSourcesBuildPhase section */

/* Begin XCBuildConfiguration section */
		8499C1D71C8EC5AF00BE7AFD /* Debug */ = {
			isa = XCBuildConfiguration;
			buildSettings = {
				ALWAYS_SEARCH_USER_PATHS = NO;
				CLANG_CXX_LANGUAGE_STANDARD = "gnu++0x";
				CLANG_CXX_LIBRARY = "libc++";
				CLANG_ENABLE_MODULES = YES;
				CLANG_ENABLE_OBJC_ARC = YES;
				CLANG_WARN_BOOL_CONVERSION = YES;
				CLANG_WARN_CONSTANT_CONVERSION = YES;
				CLANG_WARN_DIRECT_OBJC_ISA_USAGE = YES_ERROR;
				CLANG_WARN_EMPTY_BODY = YES;
				CLANG_WARN_ENUM_CONVERSION = YES;
				CLANG_WARN_INT_CONVERSION = YES;
				CLANG_WARN_OBJC_ROOT_CLASS = YES_ERROR;
				CLANG_WARN_UNREACHABLE_CODE = YES;
				CLANG_WARN__DUPLICATE_METHOD_MATCH = YES;
				CODE_SIGN_IDENTITY = "-";
				COPY_PHASE_STRIP = NO;
				DEBUG_INFORMATION_FORMAT = dwarf;
				ENABLE_STRICT_OBJC_MSGSEND = YES;
				ENABLE_TESTABILITY = YES;
				GCC_C_LANGUAGE_STANDARD = gnu99;
				GCC_DYNAMIC_NO_PIC = NO;
				GCC_NO_COMMON_BLOCKS = YES;
				GCC_OPTIMIZATION_LEVEL = 0;
				GCC_PREPROCESSOR_DEFINITIONS = (
					"DEBUG=1",
					"$(inherited)",
				);
				GCC_WARN_64_TO_32_BIT_CONVERSION = YES;
				GCC_WARN_ABOUT_RETURN_TYPE = YES_ERROR;
				GCC_WARN_UNDECLARED_SELECTOR = YES;
				GCC_WARN_UNINITIALIZED_AUTOS = YES_AGGRESSIVE;
				GCC_WARN_UNUSED_FUNCTION = YES;
				GCC_WARN_UNUSED_VARIABLE = YES;
				MACOSX_DEPLOYMENT_TARGET = 10.10;
				MTL_ENABLE_DEBUG_INFO = YES;
				ONLY_ACTIVE_ARCH = YES;
				SDKROOT = macosx;
			};
			name = Debug;
		};
		8499C1D81C8EC5AF00BE7AFD /* Release */ = {
			isa = XCBuildConfiguration;
			buildSettings = {
				ALWAYS_SEARCH_USER_PATHS = NO;
				CLANG_CXX_LANGUAGE_STANDARD = "gnu++0x";
				CLANG_CXX_LIBRARY = "libc++";
				CLANG_ENABLE_MODULES = YES;
				CLANG_ENABLE_OBJC_ARC = YES;
				CLANG_WARN_BOOL_CONVERSION = YES;
				CLANG_WARN_CONSTANT_CONVERSION = YES;
				CLANG_WARN_DIRECT_OBJC_ISA_USAGE = YES_ERROR;
				CLANG_WARN_EMPTY_BODY = YES;
				CLANG_WARN_ENUM_CONVERSION = YES;
				CLANG_WARN_INT_CONVERSION = YES;
				CLANG_WARN_OBJC_ROOT_CLASS = YES_ERROR;
				CLANG_WARN_UNREACHABLE_CODE = YES;
				CLANG_WARN__DUPLICATE_METHOD_MATCH = YES;
				CODE_SIGN_IDENTITY = "-";
				COPY_PHASE_STRIP = NO;
				DEBUG_INFORMATION_FORMAT = "dwarf-with-dsym";
				ENABLE_NS_ASSERTIONS = NO;
				ENABLE_STRICT_OBJC_MSGSEND = YES;
				GCC_C_LANGUAGE_STANDARD = gnu99;
				GCC_NO_COMMON_BLOCKS = YES;
				GCC_WARN_64_TO_32_BIT_CONVERSION = YES;
				GCC_WARN_ABOUT_RETURN_TYPE = YES_ERROR;
				GCC_WARN_UNDECLARED_SELECTOR = YES;
				GCC_WARN_UNINITIALIZED_AUTOS = YES_AGGRESSIVE;
				GCC_WARN_UNUSED_FUNCTION = YES;
				GCC_WARN_UNUSED_VARIABLE = YES;
				MACOSX_DEPLOYMENT_TARGET = 10.10;
				MTL_ENABLE_DEBUG_INFO = NO;
				SDKROOT = macosx;
			};
			name = Release;
		};
		8499C1DA1C8EC5AF00BE7AFD /* Debug */ = {
			isa = XCBuildConfiguration;
			buildSettings = {
				PRODUCT_NAME = "$(TARGET_NAME)";
			};
			name = Debug;
		};
		8499C1DB1C8EC5AF00BE7AFD /* Release */ = {
			isa = XCBuildConfiguration;
			buildSettings = {
				PRODUCT_NAME = "$(TARGET_NAME)";
			};
			name = Release;
		};
/* End XCBuildConfiguration section */

/* Begin XCConfigurationList section */
		8499C1CD1C8EC5AF00BE7AFD /* Build configuration list for PBXProject "Graphs" */ = {
			isa = XCConfigurationList;
			buildConfigurations = (
				8499C1D71C8EC5AF00BE7AFD /* Debug */,
				8499C1D81C8EC5AF00BE7AFD /* Release */,
			);
			defaultConfigurationIsVisible = 0;
			defaultConfigurationName = Release;
		};
		8499C1D91C8EC5AF00BE7AFD /* Build configuration list for PBXNativeTarget "Graphs" */ = {
			isa = XCConfigurationList;
			buildConfigurations = (
				8499C1DA1C8EC5AF00BE7AFD /* Debug */,
				8499C1DB1C8EC5AF00BE7AFD /* Release */,
			);
			defaultConfigurationIsVisible = 0;
		};
/* End XCConfigurationList section */
	};
	rootObject = 8499C1CA1C8EC5AF00BE7AFD /* Project object */;
}
